
Microsoft Visual Studio Solution File, Format Version 12.00
# Visual Studio Version 16
VisualStudioVersion = 16.0.30907.101
MinimumVisualStudioVersion = 10.0.40219.1
Project("{FAE04EC0-301F-11D3-BF4B-00C04F79EFBC}") = "EnglishLearning", "EnglishLearning.csproj", "{15BBE55B-9008-4FAF-BCFD-3D4D4B31828D}"
EndProject
Global
	GlobalSection(SolutionConfigurationPlatforms) = preSolution
		Debug|Any CPU = Debug|Any CPU
		Release|Any CPU = Release|Any CPU
	EndGlobalSection
	GlobalSection(ProjectConfigurationPlatforms) = postSolution
		{15BBE55B-9008-4FAF-BCFD-3D4D4B31828D}.Debug|Any CPU.ActiveCfg = Debug|Any CPU
		{15BBE55B-9008-4FAF-BCFD-3D4D4B31828D}.Debug|Any CPU.Build.0 = Debug|Any CPU
		{15BBE55B-9008-4FAF-BCFD-3D4D4B31828D}.Release|Any CPU.ActiveCfg = Release|Any CPU
		{15BBE55B-9008-4FAF-BCFD-3D4D4B31828D}.Release|Any CPU.Build.0 = Release|Any CPU
	EndGlobalSection
	GlobalSection(SolutionProperties) = preSolution
		HideSolutionNode = FALSE
	EndGlobalSection
	GlobalSection(ExtensibilityGlobals) = postSolution
		SolutionGuid = {A3F0220B-A02A-476E-8427-840732794CA6}
	EndGlobalSection
EndGlobal
